
Microsoft Visual Studio Solution File, Format Version 11.00
# Visual Studio 2010
Project("{FAE04EC0-301F-11D3-BF4B-00C04F79EFBC}") = "MM", "MM\MM.csproj", "{4BE35D68-66F9-49C7-9B7E-10FFE70B20B2}"
EndProject
Global
	GlobalSection(SolutionConfigurationPlatforms) = preSolution
		Debug|x86 = Debug|x86
		Release|x86 = Release|x86
	EndGlobalSection
	GlobalSection(ProjectConfigurationPlatforms) = postSolution
		{4BE35D68-66F9-49C7-9B7E-10FFE70B20B2}.Debug|x86.ActiveCfg = Debug|x86
		{4BE35D68-66F9-49C7-9B7E-10FFE70B20B2}.Debug|x86.Build.0 = Debug|x86
		{4BE35D68-66F9-49C7-9B7E-10FFE70B20B2}.Release|x86.ActiveCfg = Release|x86
		{4BE35D68-66F9-49C7-9B7E-10FFE70B20B2}.Release|x86.Build.0 = Release|x86
	EndGlobalSection
	GlobalSection(SolutionProperties) = preSolution
		HideSolutionNode = FALSE
	EndGlobalSection
EndGlobal
